
Microsoft Visual Studio Solution File, Format Version 12.00
# Visual Studio Version 17
VisualStudioVersion = 17.6.33801.468
MinimumVisualStudioVersion = 10.0.40219.1
Project("{FAE04EC0-301F-11D3-BF4B-00C04F79EFBC}") = "SaveText", "SaveText\SaveText.csproj", "{A44F8A49-2E2B-4AD4-BB4F-0A3DC22563F1}"
EndProject
Global
	GlobalSection(SolutionConfigurationPlatforms) = preSolution
		Debug|Any CPU = Debug|Any CPU
		Release|Any CPU = Release|Any CPU
	EndGlobalSection
	GlobalSection(ProjectConfigurationPlatforms) = postSolution
		{A44F8A49-2E2B-4AD4-BB4F-0A3DC22563F1}.Debug|Any CPU.ActiveCfg = Debug|Any CPU
		{A44F8A49-2E2B-4AD4-BB4F-0A3DC22563F1}.Debug|Any CPU.Build.0 = Debug|Any CPU
		{A44F8A49-2E2B-4AD4-BB4F-0A3DC22563F1}.Release|Any CPU.ActiveCfg = Release|Any CPU
		{A44F8A49-2E2B-4AD4-BB4F-0A3DC22563F1}.Release|Any CPU.Build.0 = Release|Any CPU
	EndGlobalSection
	GlobalSection(SolutionProperties) = preSolution
		HideSolutionNode = FALSE
	EndGlobalSection
	GlobalSection(ExtensibilityGlobals) = postSolution
		SolutionGuid = {688FC7F4-098C-42DC-A7AD-A3433F132393}
	EndGlobalSection
EndGlobal
